
Microsoft Visual Studio Solution File, Format Version 12.00
# Visual Studio 2012
Project("{FAE04EC0-301F-11D3-BF4B-00C04F79EFBC}") = "QuickDocs", "QuickDocs\QuickDocs.csproj", "{9FEDAEF1-5C33-4AAF-A042-58646977529A}"
EndProject
Project("{FAE04EC0-301F-11D3-BF4B-00C04F79EFBC}") = "QuickDocs.Tests", "QuickDocs.Tests\QuickDocs.Tests.csproj", "{C1F88AA3-BA8F-4D12-BB8E-77D34FC0B01F}"
EndProject
Global
	GlobalSection(SolutionConfigurationPlatforms) = preSolution
		Debug|Any CPU = Debug|Any CPU
		Release|Any CPU = Release|Any CPU
	EndGlobalSection
	GlobalSection(ProjectConfigurationPlatforms) = postSolution
		{9FEDAEF1-5C33-4AAF-A042-58646977529A}.Debug|Any CPU.ActiveCfg = Debug|Any CPU
		{9FEDAEF1-5C33-4AAF-A042-58646977529A}.Debug|Any CPU.Build.0 = Debug|Any CPU
		{9FEDAEF1-5C33-4AAF-A042-58646977529A}.Release|Any CPU.ActiveCfg = Release|Any CPU
		{9FEDAEF1-5C33-4AAF-A042-58646977529A}.Release|Any CPU.Build.0 = Release|Any CPU
		{C1F88AA3-BA8F-4D12-BB8E-77D34FC0B01F}.Debug|Any CPU.ActiveCfg = Debug|Any CPU
		{C1F88AA3-BA8F-4D12-BB8E-77D34FC0B01F}.Debug|Any CPU.Build.0 = Debug|Any CPU
		{C1F88AA3-BA8F-4D12-BB8E-77D34FC0B01F}.Release|Any CPU.ActiveCfg = Release|Any CPU
		{C1F88AA3-BA8F-4D12-BB8E-77D34FC0B01F}.Release|Any CPU.Build.0 = Release|Any CPU
	EndGlobalSection
	GlobalSection(SolutionProperties) = preSolution
		HideSolutionNode = FALSE
	EndGlobalSection
EndGlobal
